
Microsoft Visual Studio Solution File, Format Version 12.00
Project("{FAE04EC0-301F-11D3-BF4B-00C04F79EFBC}") = "Examen_PF", "Examen_PF\Examen_PF.csproj", "{AD9DF739-4CBE-49D0-94D6-D0C3E027DDA9}"
EndProject
Global
	GlobalSection(SolutionConfigurationPlatforms) = preSolution
		Debug|Any CPU = Debug|Any CPU
		Release|Any CPU = Release|Any CPU
	EndGlobalSection
	GlobalSection(ProjectConfigurationPlatforms) = postSolution
		{AD9DF739-4CBE-49D0-94D6-D0C3E027DDA9}.Debug|Any CPU.ActiveCfg = Debug|Any CPU
		{AD9DF739-4CBE-49D0-94D6-D0C3E027DDA9}.Debug|Any CPU.Build.0 = Debug|Any CPU
		{AD9DF739-4CBE-49D0-94D6-D0C3E027DDA9}.Release|Any CPU.ActiveCfg = Release|Any CPU
		{AD9DF739-4CBE-49D0-94D6-D0C3E027DDA9}.Release|Any CPU.Build.0 = Release|Any CPU
	EndGlobalSection
EndGlobal
